
Microsoft Visual Studio Solution File, Format Version 12.00
# Visual Studio Version 16
VisualStudioVersion = 16.0.29519.87
MinimumVisualStudioVersion = 10.0.40219.1
Project("{FAE04EC0-301F-11D3-BF4B-00C04F79EFBC}") = "ConsoleApp2", "ConsoleApp2\ConsoleApp2.csproj", "{26EE5E93-AB35-40C2-9937-21187B3694B3}"
EndProject
Global
	GlobalSection(SolutionConfigurationPlatforms) = preSolution
		Debug|Any CPU = Debug|Any CPU
		Release|Any CPU = Release|Any CPU
	EndGlobalSection
	GlobalSection(ProjectConfigurationPlatforms) = postSolution
		{26EE5E93-AB35-40C2-9937-21187B3694B3}.Debug|Any CPU.ActiveCfg = Debug|Any CPU
		{26EE5E93-AB35-40C2-9937-21187B3694B3}.Debug|Any CPU.Build.0 = Debug|Any CPU
		{26EE5E93-AB35-40C2-9937-21187B3694B3}.Release|Any CPU.ActiveCfg = Release|Any CPU
		{26EE5E93-AB35-40C2-9937-21187B3694B3}.Release|Any CPU.Build.0 = Release|Any CPU
	EndGlobalSection
	GlobalSection(SolutionProperties) = preSolution
		HideSolutionNode = FALSE
	EndGlobalSection
	GlobalSection(ExtensibilityGlobals) = postSolution
		SolutionGuid = {8737482E-5A77-4881-8C81-4DB2B4E91AC1}
	EndGlobalSection
EndGlobal
